
Microsoft Visual Studio Solution File, Format Version 12.00
# Visual Studio Version 16
VisualStudioVersion = 25.0.1706.11
MinimumVisualStudioVersion = 10.0.40219.1
Project("{FAE04EC0-301F-11D3-BF4B-00C04F79EFBC}") = "API", "API/API.csproj", "{547AEB4F-FD15-4B38-8D31-AA08DD5A6BF4}"
EndProject
Project("{FAE04EC0-301F-11D3-BF4B-00C04F79EFBC}") = "Application", "Application\Application.csproj", "{B75476AA-8CF6-4A1B-B95D-34716F9DA13A}"
EndProject
Project("{FAE04EC0-301F-11D3-BF4B-00C04F79EFBC}") = "Infrastructure", "Infrastructure\Infrastructure.csproj", "{1C0E1341-4210-4A52-ACC6-F4A169248349}"
EndProject
Project("{FAE04EC0-301F-11D3-BF4B-00C04F79EFBC}") = "Domain", "Domain\Domain.csproj", "{12DBEBA5-C2A0-4093-97FD-A10CD65CE32B}"
EndProject
Global
	GlobalSection(SolutionConfigurationPlatforms) = preSolution
		Debug|Any CPU = Debug|Any CPU
		Release|Any CPU = Release|Any CPU
	EndGlobalSection
	GlobalSection(ProjectConfigurationPlatforms) = postSolution
		{547AEB4F-FD15-4B38-8D31-AA08DD5A6BF4}.Debug|Any CPU.ActiveCfg = Debug|Any CPU
		{547AEB4F-FD15-4B38-8D31-AA08DD5A6BF4}.Debug|Any CPU.Build.0 = Debug|Any CPU
		{547AEB4F-FD15-4B38-8D31-AA08DD5A6BF4}.Release|Any CPU.ActiveCfg = Release|Any CPU
		{547AEB4F-FD15-4B38-8D31-AA08DD5A6BF4}.Release|Any CPU.Build.0 = Release|Any CPU
		{B75476AA-8CF6-4A1B-B95D-34716F9DA13A}.Debug|Any CPU.ActiveCfg = Debug|Any CPU
		{B75476AA-8CF6-4A1B-B95D-34716F9DA13A}.Debug|Any CPU.Build.0 = Debug|Any CPU
		{B75476AA-8CF6-4A1B-B95D-34716F9DA13A}.Release|Any CPU.ActiveCfg = Release|Any CPU
		{B75476AA-8CF6-4A1B-B95D-34716F9DA13A}.Release|Any CPU.Build.0 = Release|Any CPU
		{1C0E1341-4210-4A52-ACC6-F4A169248349}.Debug|Any CPU.ActiveCfg = Debug|Any CPU
		{1C0E1341-4210-4A52-ACC6-F4A169248349}.Debug|Any CPU.Build.0 = Debug|Any CPU
		{1C0E1341-4210-4A52-ACC6-F4A169248349}.Release|Any CPU.ActiveCfg = Release|Any CPU
		{1C0E1341-4210-4A52-ACC6-F4A169248349}.Release|Any CPU.Build.0 = Release|Any CPU
		{12DBEBA5-C2A0-4093-97FD-A10CD65CE32B}.Debug|Any CPU.ActiveCfg = Debug|Any CPU
		{12DBEBA5-C2A0-4093-97FD-A10CD65CE32B}.Debug|Any CPU.Build.0 = Debug|Any CPU
		{12DBEBA5-C2A0-4093-97FD-A10CD65CE32B}.Release|Any CPU.ActiveCfg = Release|Any CPU
		{12DBEBA5-C2A0-4093-97FD-A10CD65CE32B}.Release|Any CPU.Build.0 = Release|Any CPU
	EndGlobalSection
	GlobalSection(SolutionProperties) = preSolution
		HideSolutionNode = FALSE
	EndGlobalSection
	GlobalSection(ExtensibilityGlobals) = postSolution
		SolutionGuid = {1720CFE8-F990-44E6-846E-286D26488CDD}
	EndGlobalSection
EndGlobal
